
Microsoft Visual Studio Solution File, Format Version 12.00
# Visual Studio Version 17
VisualStudioVersion = 17.14.37203.1 d17.14
MinimumVisualStudioVersion = 10.0.40219.1
Project("{FAE04EC0-301F-11D3-BF4B-00C04F79EFBC}") = "CSharpRepositorio", "CSharpRepositorio.csproj", "{BF52A8D8-85E8-4392-ACAB-747648574A0F}"
EndProject
Global
	GlobalSection(SolutionConfigurationPlatforms) = preSolution
		Debug|Any CPU = Debug|Any CPU
		Release|Any CPU = Release|Any CPU
	EndGlobalSection
	GlobalSection(ProjectConfigurationPlatforms) = postSolution
		{BF52A8D8-85E8-4392-ACAB-747648574A0F}.Debug|Any CPU.ActiveCfg = Debug|Any CPU
		{BF52A8D8-85E8-4392-ACAB-747648574A0F}.Debug|Any CPU.Build.0 = Debug|Any CPU
		{BF52A8D8-85E8-4392-ACAB-747648574A0F}.Release|Any CPU.ActiveCfg = Release|Any CPU
		{BF52A8D8-85E8-4392-ACAB-747648574A0F}.Release|Any CPU.Build.0 = Release|Any CPU
	EndGlobalSection
	GlobalSection(SolutionProperties) = preSolution
		HideSolutionNode = FALSE
	EndGlobalSection
	GlobalSection(ExtensibilityGlobals) = postSolution
		SolutionGuid = {4D253C6A-F108-4E71-A7BA-DDF2E8332F24}
	EndGlobalSection
EndGlobal
